
Microsoft Visual Studio Solution File, Format Version 12.00
# Visual Studio Version 17
VisualStudioVersion = 17.0.32112.339
MinimumVisualStudioVersion = 10.0.40219.1
Project("{9A19103F-16F7-4668-BE54-9A1E7A4F7556}") = "LivingDocumentation.Analyzer", "src\LivingDocumentation.Analyzer\LivingDocumentation.Analyzer.csproj", "{72E336A0-A9D8-494D-9332-CDE8341B247B}"
EndProject
Project("{9A19103F-16F7-4668-BE54-9A1E7A4F7556}") = "LivingDocumentation.Abstractions", "src\LivingDocumentation.Abstractions\LivingDocumentation.Abstractions.csproj", "{A7C06FA8-E5FB-4FE6-BECA-1FCC0CBE27C2}"
EndProject
Project("{9A19103F-16F7-4668-BE54-9A1E7A4F7556}") = "LivingDocumentation.Descriptions", "src\LivingDocumentation.Descriptions\LivingDocumentation.Descriptions.csproj", "{D33AC914-9906-4035-AD54-3A7385379742}"
EndProject
Project("{9A19103F-16F7-4668-BE54-9A1E7A4F7556}") = "LivingDocumentation.Statements", "src\LivingDocumentation.Statements\LivingDocumentation.Statements.csproj", "{B20022C7-CD5D-4E81-BE07-17CF155E8CF1}"
EndProject
Project("{9A19103F-16F7-4668-BE54-9A1E7A4F7556}") = "LivingDocumentation.Sample.eShopOnContainers", "samples\LivingDocumentation.eShopOnContainers\LivingDocumentation.Sample.eShopOnContainers.csproj", "{A28A9E7A-DB6F-4210-8069-CF6166500FA0}"
EndProject
Project("{9A19103F-16F7-4668-BE54-9A1E7A4F7556}") = "LivingDocumentation.UML", "src\LivingDocumentation.UML\LivingDocumentation.UML.csproj", "{570577AE-FD4B-4410-883E-49970BAD9C5D}"
EndProject
Project("{9A19103F-16F7-4668-BE54-9A1E7A4F7556}") = "LivingDocumentation.RenderExtensions", "src\LivingDocumentation.Render\LivingDocumentation.RenderExtensions.csproj", "{BB537EEB-3EF5-4188-BCD0-548791845185}"
EndProject
Project("{9A19103F-16F7-4668-BE54-9A1E7A4F7556}") = "LivingDocumentation.Extensions", "src\LivingDocumentation.Extensions\LivingDocumentation.Extensions.csproj", "{43F54404-225C-4234-AFA9-A316A891884C}"
EndProject
Project("{9A19103F-16F7-4668-BE54-9A1E7A4F7556}") = "LivingDocumentation.Json", "src\LivingDocumentation.Json\LivingDocumentation.Json.csproj", "{4CC5B483-9205-47A4-82F8-189047316512}"
EndProject
Project("{2150E333-8FDC-42A3-9474-1A3956D46DE8}") = "src", "src", "{2CCF1B57-05F0-4DF7-8B48-29D03CE052F5}"
EndProject
Project("{2150E333-8FDC-42A3-9474-1A3956D46DE8}") = "samples", "samples", "{742D5E46-3BB3-4276-8049-1DFFB0E75A17}"
EndProject
Project("{2150E333-8FDC-42A3-9474-1A3956D46DE8}") = "tests", "tests", "{93C52A66-6790-47D3-90A7-26EFFC41D4C6}"
EndProject
Project("{9A19103F-16F7-4668-BE54-9A1E7A4F7556}") = "LivingDocumentation.Analyzer.Tests", "tests\LivingDocumentation.Analyzer.Tests\LivingDocumentation.Analyzer.Tests.csproj", "{90E0C6A2-BF79-406D-BC5C-2637AD2BADE2}"
EndProject
Project("{2150E333-8FDC-42A3-9474-1A3956D46DE8}") = "Solution Items", "Solution Items", "{4FC1E9E3-E30A-47E2-BBFD-D1105EF4710F}"
	ProjectSection(SolutionItems) = preProject
		.editorconfig = .editorconfig
		GitVersion.yml = GitVersion.yml
		LivingDocumentation.runsettings = LivingDocumentation.runsettings
	EndProjectSection
EndProject
Project("{9A19103F-16F7-4668-BE54-9A1E7A4F7556}") = "LivingDocumentation.RenderExtensions.Tests", "tests\LivingDocumentation.RenderExtensions.Tests\LivingDocumentation.RenderExtensions.Tests.csproj", "{0A28D3CE-00A8-4473-B571-F8AE0FFFF1AC}"
EndProject
Project("{9A19103F-16F7-4668-BE54-9A1E7A4F7556}") = "LivingDocumentation.Serializations.Tests", "tests\LivingDocumentation.Serializations.Tests\LivingDocumentation.Serializations.Tests.csproj", "{B24D4233-6227-43C1-A402-53AC5706633A}"
EndProject
Global
	GlobalSection(SolutionConfigurationPlatforms) = preSolution
		Debug|Any CPU = Debug|Any CPU
		Release|Any CPU = Release|Any CPU
	EndGlobalSection
	GlobalSection(ProjectConfigurationPlatforms) = postSolution
		{72E336A0-A9D8-494D-9332-CDE8341B247B}.Debug|Any CPU.ActiveCfg = Debug|Any CPU
		{72E336A0-A9D8-494D-9332-CDE8341B247B}.Debug|Any CPU.Build.0 = Debug|Any CPU
		{72E336A0-A9D8-494D-9332-CDE8341B247B}.Release|Any CPU.ActiveCfg = Release|Any CPU
		{72E336A0-A9D8-494D-9332-CDE8341B247B}.Release|Any CPU.Build.0 = Release|Any CPU
		{A7C06FA8-E5FB-4FE6-BECA-1FCC0CBE27C2}.Debug|Any CPU.ActiveCfg = Debug|Any CPU
		{A7C06FA8-E5FB-4FE6-BECA-1FCC0CBE27C2}.Debug|Any CPU.Build.0 = Debug|Any CPU
		{A7C06FA8-E5FB-4FE6-BECA-1FCC0CBE27C2}.Release|Any CPU.ActiveCfg = Release|Any CPU
		{A7C06FA8-E5FB-4FE6-BECA-1FCC0CBE27C2}.Release|Any CPU.Build.0 = Release|Any CPU
		{D33AC914-9906-4035-AD54-3A7385379742}.Debug|Any CPU.ActiveCfg = Debug|Any CPU
		{D33AC914-9906-4035-AD54-3A7385379742}.Debug|Any CPU.Build.0 = Debug|Any CPU
		{D33AC914-9906-4035-AD54-3A7385379742}.Release|Any CPU.ActiveCfg = Release|Any CPU
		{D33AC914-9906-4035-AD54-3A7385379742}.Release|Any CPU.Build.0 = Release|Any CPU
		{B20022C7-CD5D-4E81-BE07-17CF155E8CF1}.Debug|Any CPU.ActiveCfg = Debug|Any CPU
		{B20022C7-CD5D-4E81-BE07-17CF155E8CF1}.Debug|Any CPU.Build.0 = Debug|Any CPU
		{B20022C7-CD5D-4E81-BE07-17CF155E8CF1}.Release|Any CPU.ActiveCfg = Release|Any CPU
		{B20022C7-CD5D-4E81-BE07-17CF155E8CF1}.Release|Any CPU.Build.0 = Release|Any CPU
		{A28A9E7A-DB6F-4210-8069-CF6166500FA0}.Debug|Any CPU.ActiveCfg = Debug|Any CPU
		{A28A9E7A-DB6F-4210-8069-CF6166500FA0}.Debug|Any CPU.Build.0 = Debug|Any CPU
		{A28A9E7A-DB6F-4210-8069-CF6166500FA0}.Release|Any CPU.ActiveCfg = Release|Any CPU
		{A28A9E7A-DB6F-4210-8069-CF6166500FA0}.Release|Any CPU.Build.0 = Release|Any CPU
		{570577AE-FD4B-4410-883E-49970BAD9C5D}.Debug|Any CPU.ActiveCfg = Debug|Any CPU
		{570577AE-FD4B-4410-883E-49970BAD9C5D}.Debug|Any CPU.Build.0 = Debug|Any CPU
		{570577AE-FD4B-4410-883E-49970BAD9C5D}.Release|Any CPU.ActiveCfg = Release|Any CPU
		{570577AE-FD4B-4410-883E-49970BAD9C5D}.Release|Any CPU.Build.0 = Release|Any CPU
		{BB537EEB-3EF5-4188-BCD0-548791845185}.Debug|Any CPU.ActiveCfg = Debug|Any CPU
		{BB537EEB-3EF5-4188-BCD0-548791845185}.Debug|Any CPU.Build.0 = Debug|Any CPU
		{BB537EEB-3EF5-4188-BCD0-548791845185}.Release|Any CPU.ActiveCfg = Release|Any CPU
		{BB537EEB-3EF5-4188-BCD0-548791845185}.Release|Any CPU.Build.0 = Release|Any CPU
		{43F54404-225C-4234-AFA9-A316A891884C}.Debug|Any CPU.ActiveCfg = Debug|Any CPU
		{43F54404-225C-4234-AFA9-A316A891884C}.Debug|Any CPU.Build.0 = Debug|Any CPU
		{43F54404-225C-4234-AFA9-A316A891884C}.Release|Any CPU.ActiveCfg = Release|Any CPU
		{43F54404-225C-4234-AFA9-A316A891884C}.Release|Any CPU.Build.0 = Release|Any CPU
		{4CC5B483-9205-47A4-82F8-189047316512}.Debug|Any CPU.ActiveCfg = Debug|Any CPU
		{4CC5B483-9205-47A4-82F8-189047316512}.Debug|Any CPU.Build.0 = Debug|Any CPU
		{4CC5B483-9205-47A4-82F8-189047316512}.Release|Any CPU.ActiveCfg = Release|Any CPU
		{4CC5B483-9205-47A4-82F8-189047316512}.Release|Any CPU.Build.0 = Release|Any CPU
		{90E0C6A2-BF79-406D-BC5C-2637AD2BADE2}.Debug|Any CPU.ActiveCfg = Debug|Any CPU
		{90E0C6A2-BF79-406D-BC5C-2637AD2BADE2}.Debug|Any CPU.Build.0 = Debug|Any CPU
		{90E0C6A2-BF79-406D-BC5C-2637AD2BADE2}.Release|Any CPU.ActiveCfg = Release|Any CPU
		{90E0C6A2-BF79-406D-BC5C-2637AD2BADE2}.Release|Any CPU.Build.0 = Release|Any CPU
		{0A28D3CE-00A8-4473-B571-F8AE0FFFF1AC}.Debug|Any CPU.ActiveCfg = Debug|Any CPU
		{0A28D3CE-00A8-4473-B571-F8AE0FFFF1AC}.Debug|Any CPU.Build.0 = Debug|Any CPU
		{0A28D3CE-00A8-4473-B571-F8AE0FFFF1AC}.Release|Any CPU.ActiveCfg = Release|Any CPU
		{0A28D3CE-00A8-4473-B571-F8AE0FFFF1AC}.Release|Any CPU.Build.0 = Release|Any CPU
		{B24D4233-6227-43C1-A402-53AC5706633A}.Debug|Any CPU.ActiveCfg = Debug|Any CPU
		{B24D4233-6227-43C1-A402-53AC5706633A}.Debug|Any CPU.Build.0 = Debug|Any CPU
		{B24D4233-6227-43C1-A402-53AC5706633A}.Release|Any CPU.ActiveCfg = Release|Any CPU
		{B24D4233-6227-43C1-A402-53AC5706633A}.Release|Any CPU.Build.0 = Release|Any CPU
	EndGlobalSection
	GlobalSection(SolutionProperties) = preSolution
		HideSolutionNode = FALSE
	EndGlobalSection
	GlobalSection(NestedProjects) = preSolution
		{72E336A0-A9D8-494D-9332-CDE8341B247B} = {2CCF1B57-05F0-4DF7-8B48-29D03CE052F5}
		{A7C06FA8-E5FB-4FE6-BECA-1FCC0CBE27C2} = {2CCF1B57-05F0-4DF7-8B48-29D03CE052F5}
		{D33AC914-9906-4035-AD54-3A7385379742} = {2CCF1B57-05F0-4DF7-8B48-29D03CE052F5}
		{B20022C7-CD5D-4E81-BE07-17CF155E8CF1} = {2CCF1B57-05F0-4DF7-8B48-29D03CE052F5}
		{A28A9E7A-DB6F-4210-8069-CF6166500FA0} = {742D5E46-3BB3-4276-8049-1DFFB0E75A17}
		{570577AE-FD4B-4410-883E-49970BAD9C5D} = {2CCF1B57-05F0-4DF7-8B48-29D03CE052F5}
		{BB537EEB-3EF5-4188-BCD0-548791845185} = {2CCF1B57-05F0-4DF7-8B48-29D03CE052F5}
		{43F54404-225C-4234-AFA9-A316A891884C} = {2CCF1B57-05F0-4DF7-8B48-29D03CE052F5}
		{4CC5B483-9205-47A4-82F8-189047316512} = {2CCF1B57-05F0-4DF7-8B48-29D03CE052F5}
		{90E0C6A2-BF79-406D-BC5C-2637AD2BADE2} = {93C52A66-6790-47D3-90A7-26EFFC41D4C6}
		{0A28D3CE-00A8-4473-B571-F8AE0FFFF1AC} = {93C52A66-6790-47D3-90A7-26EFFC41D4C6}
		{B24D4233-6227-43C1-A402-53AC5706633A} = {93C52A66-6790-47D3-90A7-26EFFC41D4C6}
	EndGlobalSection
	GlobalSection(ExtensibilityGlobals) = postSolution
		SolutionGuid = {298BF1F6-9407-40A1-91C0-F11BA01BD95B}
	EndGlobalSection
EndGlobal
